
Microsoft Visual Studio Solution File, Format Version 12.00
# Visual Studio Version 17
VisualStudioVersion = 17.3.32922.545
MinimumVisualStudioVersion = 10.0.40219.1
Project("{9A19103F-16F7-4668-BE54-9A1E7A4F7556}") = "Examples", "Examples\Examples.csproj", "{8377883D-1320-4435-97FC-28737B7B7823}"
EndProject
Project("{2150E333-8FDC-42A3-9474-1A3956D46DE8}") = "Labs", "Labs", "{E4524B8C-5F05-4A5F-A9C0-71024C8B077D}"
EndProject
Project("{2150E333-8FDC-42A3-9474-1A3956D46DE8}") = "Solutions", "Solutions", "{E4DD3CDA-A182-4F3D-94E7-E52E9C0F0F3E}"
EndProject
Project("{9A19103F-16F7-4668-BE54-9A1E7A4F7556}") = "FirstLab", "Labs\FirstLab\FirstLab.csproj", "{FF0FDD64-9B86-47EF-AFF5-2B7100BA2190}"
EndProject
Project("{9A19103F-16F7-4668-BE54-9A1E7A4F7556}") = "FirstLabSolution", "Solutions\FirstLabSolution\FirstLabSolution.csproj", "{C5B07547-3653-4413-ABC9-63EEBC0E2BA3}"
EndProject
Project("{9A19103F-16F7-4668-BE54-9A1E7A4F7556}") = "LiteralStrings", "Labs\LiteralStrings\LiteralStrings.csproj", "{029551DA-CD5D-4401-A066-9ACB28BA020C}"
EndProject
Project("{9A19103F-16F7-4668-BE54-9A1E7A4F7556}") = "LiteralStringsSolution", "Solutions\LiteralStringsSolution\LiteralStringsSolution.csproj", "{D8170554-7CCD-4CD4-B5C1-DF861DC2DA44}"
EndProject
Project("{9A19103F-16F7-4668-BE54-9A1E7A4F7556}") = "Tuple", "Labs\Tuple\Tuple.csproj", "{2B13574C-51CD-4CEE-85B1-21EF23F8EB70}"
EndProject
Project("{9A19103F-16F7-4668-BE54-9A1E7A4F7556}") = "TupleSolution", "Solutions\TupleSolution\TupleSolution.csproj", "{285FDFE1-767E-4225-AB7C-7369604EF532}"
EndProject
Project("{9A19103F-16F7-4668-BE54-9A1E7A4F7556}") = "Records", "Labs\Records\Records.csproj", "{19C9E565-D2D3-4DEB-B8C6-ACEF7031DE19}"
EndProject
Project("{9A19103F-16F7-4668-BE54-9A1E7A4F7556}") = "RecordsSolution", "Solutions\RecordsSolution\RecordsSolution.csproj", "{2EA48F4F-A643-4B51-9A38-3A9883DF23BB}"
EndProject
Project("{9A19103F-16F7-4668-BE54-9A1E7A4F7556}") = "Deconstruction", "Labs\Deconstruction\Deconstruction.csproj", "{CB2F4D26-BA5B-4397-B45C-88F46D0E62AC}"
EndProject
Project("{9A19103F-16F7-4668-BE54-9A1E7A4F7556}") = "DeconstructionSolution", "Solutions\DeconstructionSolution\DeconstructionSolution.csproj", "{2B39313D-FE5E-47F9-9F42-5FA18B2DBD0F}"
EndProject
Project("{9A19103F-16F7-4668-BE54-9A1E7A4F7556}") = "xUnitIntro", "Labs\xUnitIntro\xUnitIntro.csproj", "{112C822C-9B1C-48A6-AA4A-2A1694ED6192}"
EndProject
Project("{9A19103F-16F7-4668-BE54-9A1E7A4F7556}") = "xUnitIntroSolution", "Solutions\xUnitIntroSolution\xUnitIntroSolution.csproj", "{91252366-F905-4814-99F6-E127380C8291}"
EndProject
Project("{9A19103F-16F7-4668-BE54-9A1E7A4F7556}") = "Exceptions", "Labs\Exceptions\Exceptions.csproj", "{2F3F59B5-AC7B-41B1-AC70-58A7648FB171}"
EndProject
Project("{9A19103F-16F7-4668-BE54-9A1E7A4F7556}") = "Generics", "Labs\Generics\Generics.csproj", "{A6226758-61A3-41FD-AD02-088628988351}"
EndProject
Project("{9A19103F-16F7-4668-BE54-9A1E7A4F7556}") = "GenericsSolution", "Solutions\GenericsSolution\GenericsSolution.csproj", "{599AD110-1CC3-4F63-B7E2-6D3F4D9B4753}"
EndProject
Project("{9A19103F-16F7-4668-BE54-9A1E7A4F7556}") = "Delegates", "Labs\Delegates\Delegates.csproj", "{ECAE8FD5-4F53-4FAA-A3EB-E682CA422155}"
EndProject
Project("{9A19103F-16F7-4668-BE54-9A1E7A4F7556}") = "DelegatesSolution", "Solutions\DelegatesSolution\DelegatesSolution.csproj", "{FC00439A-F846-43A0-8FB1-9BBEDE739874}"
EndProject
Project("{9A19103F-16F7-4668-BE54-9A1E7A4F7556}") = "Events", "Labs\Events\Events.csproj", "{FBD98807-C1C9-45D9-A0A9-E56B767D64B3}"
EndProject
Project("{9A19103F-16F7-4668-BE54-9A1E7A4F7556}") = "EventsSolution", "Solutions\EventsSolution\EventsSolution.csproj", "{0FD0A764-5E79-451D-ABBB-C4F4868F5FB7}"
EndProject
Project("{9A19103F-16F7-4668-BE54-9A1E7A4F7556}") = "Lambda", "Labs\Lambda\Lambda.csproj", "{BD43FD93-B621-4F2F-B632-5205F350C146}"
EndProject
Project("{9A19103F-16F7-4668-BE54-9A1E7A4F7556}") = "LambdaSolution", "Solutions\LambdaSolution\LambdaSolution.csproj", "{2FDA89C2-FC3C-40A6-86B9-8617D30C4A47}"
EndProject
Project("{9A19103F-16F7-4668-BE54-9A1E7A4F7556}") = "MoqLab", "Labs\MoqLab\MoqLab.csproj", "{9DBDE534-1EE1-46AB-ACE0-B9E2F052A5DA}"
EndProject
Project("{9A19103F-16F7-4668-BE54-9A1E7A4F7556}") = "MoqLabSolution", "Solutions\MoqLabSolution\MoqLabSolution.csproj", "{E82F25A3-BDEB-411D-913A-C3BBF2A73CD5}"
EndProject
Project("{9A19103F-16F7-4668-BE54-9A1E7A4F7556}") = "Inheritance", "Labs\Inheritance\Inheritance.csproj", "{0494DE3F-3BA6-4A34-A7B6-388E51B33813}"
EndProject
Project("{9A19103F-16F7-4668-BE54-9A1E7A4F7556}") = "InheritanceSolution", "Solutions\InheritanceSolution\InheritanceSolution.csproj", "{E2492763-350E-4304-A55C-552E3D0DB3A2}"
EndProject
Project("{9A19103F-16F7-4668-BE54-9A1E7A4F7556}") = "Interfaces", "Labs\Interface\Interfaces.csproj", "{764CE086-E49F-4D10-ABAE-FD961732CAAB}"
EndProject
Project("{9A19103F-16F7-4668-BE54-9A1E7A4F7556}") = "ExceptionsSolution", "Solutions\ExceptionsSolution\ExceptionsSolution.csproj", "{884745F5-5211-441C-8BD7-7B0FB519D0D3}"
EndProject
Project("{9A19103F-16F7-4668-BE54-9A1E7A4F7556}") = "InterfacesSolution", "Solutions\InterfaceSolution\InterfacesSolution.csproj", "{5B5A2D6C-D6A8-4770-9708-4E1659CC9450}"
EndProject
Project("{9A19103F-16F7-4668-BE54-9A1E7A4F7556}") = "ExtensionMethods", "Labs\ExtensionMethods\ExtensionMethods.csproj", "{06C66AA2-A5D3-451C-AD1D-ECB3E3611585}"
EndProject
Project("{9A19103F-16F7-4668-BE54-9A1E7A4F7556}") = "ExtensionMethodsSolution", "Solutions\ExtensionMethodsSolution\ExtensionMethodsSolution.csproj", "{AD425856-2DAD-495D-B502-10C8A257308E}"
EndProject
Project("{9A19103F-16F7-4668-BE54-9A1E7A4F7556}") = "LinqApi", "Labs\LinqApi\LinqApi.csproj", "{FA35D442-0FE4-4571-B9DE-E5ACC409E018}"
EndProject
Project("{9A19103F-16F7-4668-BE54-9A1E7A4F7556}") = "LinqApiSolution", "Solutions\LinqApiSolution\LinqApiSolution.csproj", "{18FB0DA7-19B5-41AC-8C21-7A6309219818}"
EndProject
Project("{9A19103F-16F7-4668-BE54-9A1E7A4F7556}") = "LinqQuery", "Labs\LinqQuery\LinqQuery.csproj", "{CF062F17-0E29-4CAC-9AA8-CEB05AAD6F26}"
EndProject
Project("{9A19103F-16F7-4668-BE54-9A1E7A4F7556}") = "LinqQuerySolution", "Solutions\LinqQuerySolution\LinqQuerySolution.csproj", "{24FAFDC3-A667-4606-A39A-434C15E22E16}"
EndProject
Project("{9A19103F-16F7-4668-BE54-9A1E7A4F7556}") = "Reflection", "Labs\Reflection\Reflection.csproj", "{A538B8D9-9EA4-43AF-8601-60C283ECF9D8}"
EndProject
Project("{9A19103F-16F7-4668-BE54-9A1E7A4F7556}") = "ReflectionSolution", "Solutions\ReflectionSolution\ReflectionSolution.csproj", "{D0A36B10-082F-44BF-AC6C-8843BC4A98CA}"
EndProject
Project("{9A19103F-16F7-4668-BE54-9A1E7A4F7556}") = "Collections", "Labs\Collections\Collections.csproj", "{49554B70-B4DE-4AC3-8429-AC3FC56162DD}"
EndProject
Project("{9A19103F-16F7-4668-BE54-9A1E7A4F7556}") = "CollectionsSolution", "Solutions\CollectionsSolution\CollectionsSolution.csproj", "{0BAF0D40-045D-4EC9-8AEF-A96162048DC1}"
EndProject
Project("{9A19103F-16F7-4668-BE54-9A1E7A4F7556}") = "EFPayroll", "Labs\EFPayroll\EFPayroll.csproj", "{E29A2923-9227-4995-A9FA-3DDEE444F3A6}"
EndProject
Project("{9A19103F-16F7-4668-BE54-9A1E7A4F7556}") = "EFPayrollSolution", "Solutions\EFPayrollSolution\EFPayrollSolution.csproj", "{7C4E6495-3366-488E-87D2-0ED9282D657D}"
EndProject
Project("{9A19103F-16F7-4668-BE54-9A1E7A4F7556}") = "EFPayrollViewsSolution", "Solutions\EFPayrollViewsSolution\EFPayrollViewsSolution.csproj", "{0D8F70C9-ECBC-446C-AA19-F1BF6748D95F}"
EndProject
Project("{2150E333-8FDC-42A3-9474-1A3956D46DE8}") = "Solution Items", "Solution Items", "{F7D0C427-D51D-42FF-B4F0-6AFE0A0017C5}"
	ProjectSection(SolutionItems) = preProject
		LabSequence.txt = LabSequence.txt
	EndProjectSection
EndProject
Global
	GlobalSection(SolutionConfigurationPlatforms) = preSolution
		Debug|Any CPU = Debug|Any CPU
		Release|Any CPU = Release|Any CPU
	EndGlobalSection
	GlobalSection(ProjectConfigurationPlatforms) = postSolution
		{8377883D-1320-4435-97FC-28737B7B7823}.Debug|Any CPU.ActiveCfg = Debug|Any CPU
		{8377883D-1320-4435-97FC-28737B7B7823}.Debug|Any CPU.Build.0 = Debug|Any CPU
		{8377883D-1320-4435-97FC-28737B7B7823}.Release|Any CPU.ActiveCfg = Release|Any CPU
		{8377883D-1320-4435-97FC-28737B7B7823}.Release|Any CPU.Build.0 = Release|Any CPU
		{FF0FDD64-9B86-47EF-AFF5-2B7100BA2190}.Debug|Any CPU.ActiveCfg = Debug|Any CPU
		{FF0FDD64-9B86-47EF-AFF5-2B7100BA2190}.Debug|Any CPU.Build.0 = Debug|Any CPU
		{FF0FDD64-9B86-47EF-AFF5-2B7100BA2190}.Release|Any CPU.ActiveCfg = Release|Any CPU
		{FF0FDD64-9B86-47EF-AFF5-2B7100BA2190}.Release|Any CPU.Build.0 = Release|Any CPU
		{C5B07547-3653-4413-ABC9-63EEBC0E2BA3}.Debug|Any CPU.ActiveCfg = Debug|Any CPU
		{C5B07547-3653-4413-ABC9-63EEBC0E2BA3}.Debug|Any CPU.Build.0 = Debug|Any CPU
		{C5B07547-3653-4413-ABC9-63EEBC0E2BA3}.Release|Any CPU.ActiveCfg = Release|Any CPU
		{C5B07547-3653-4413-ABC9-63EEBC0E2BA3}.Release|Any CPU.Build.0 = Release|Any CPU
		{029551DA-CD5D-4401-A066-9ACB28BA020C}.Debug|Any CPU.ActiveCfg = Debug|Any CPU
		{029551DA-CD5D-4401-A066-9ACB28BA020C}.Debug|Any CPU.Build.0 = Debug|Any CPU
		{029551DA-CD5D-4401-A066-9ACB28BA020C}.Release|Any CPU.ActiveCfg = Release|Any CPU
		{029551DA-CD5D-4401-A066-9ACB28BA020C}.Release|Any CPU.Build.0 = Release|Any CPU
		{D8170554-7CCD-4CD4-B5C1-DF861DC2DA44}.Debug|Any CPU.ActiveCfg = Debug|Any CPU
		{D8170554-7CCD-4CD4-B5C1-DF861DC2DA44}.Debug|Any CPU.Build.0 = Debug|Any CPU
		{D8170554-7CCD-4CD4-B5C1-DF861DC2DA44}.Release|Any CPU.ActiveCfg = Release|Any CPU
		{D8170554-7CCD-4CD4-B5C1-DF861DC2DA44}.Release|Any CPU.Build.0 = Release|Any CPU
		{2B13574C-51CD-4CEE-85B1-21EF23F8EB70}.Debug|Any CPU.ActiveCfg = Debug|Any CPU
		{2B13574C-51CD-4CEE-85B1-21EF23F8EB70}.Debug|Any CPU.Build.0 = Debug|Any CPU
		{2B13574C-51CD-4CEE-85B1-21EF23F8EB70}.Release|Any CPU.ActiveCfg = Release|Any CPU
		{2B13574C-51CD-4CEE-85B1-21EF23F8EB70}.Release|Any CPU.Build.0 = Release|Any CPU
		{285FDFE1-767E-4225-AB7C-7369604EF532}.Debug|Any CPU.ActiveCfg = Debug|Any CPU
		{285FDFE1-767E-4225-AB7C-7369604EF532}.Debug|Any CPU.Build.0 = Debug|Any CPU
		{285FDFE1-767E-4225-AB7C-7369604EF532}.Release|Any CPU.ActiveCfg = Release|Any CPU
		{285FDFE1-767E-4225-AB7C-7369604EF532}.Release|Any CPU.Build.0 = Release|Any CPU
		{19C9E565-D2D3-4DEB-B8C6-ACEF7031DE19}.Debug|Any CPU.ActiveCfg = Debug|Any CPU
		{19C9E565-D2D3-4DEB-B8C6-ACEF7031DE19}.Debug|Any CPU.Build.0 = Debug|Any CPU
		{19C9E565-D2D3-4DEB-B8C6-ACEF7031DE19}.Release|Any CPU.ActiveCfg = Release|Any CPU
		{19C9E565-D2D3-4DEB-B8C6-ACEF7031DE19}.Release|Any CPU.Build.0 = Release|Any CPU
		{2EA48F4F-A643-4B51-9A38-3A9883DF23BB}.Debug|Any CPU.ActiveCfg = Debug|Any CPU
		{2EA48F4F-A643-4B51-9A38-3A9883DF23BB}.Debug|Any CPU.Build.0 = Debug|Any CPU
		{2EA48F4F-A643-4B51-9A38-3A9883DF23BB}.Release|Any CPU.ActiveCfg = Release|Any CPU
		{2EA48F4F-A643-4B51-9A38-3A9883DF23BB}.Release|Any CPU.Build.0 = Release|Any CPU
		{CB2F4D26-BA5B-4397-B45C-88F46D0E62AC}.Debug|Any CPU.ActiveCfg = Debug|Any CPU
		{CB2F4D26-BA5B-4397-B45C-88F46D0E62AC}.Debug|Any CPU.Build.0 = Debug|Any CPU
		{CB2F4D26-BA5B-4397-B45C-88F46D0E62AC}.Release|Any CPU.ActiveCfg = Release|Any CPU
		{CB2F4D26-BA5B-4397-B45C-88F46D0E62AC}.Release|Any CPU.Build.0 = Release|Any CPU
		{2B39313D-FE5E-47F9-9F42-5FA18B2DBD0F}.Debug|Any CPU.ActiveCfg = Debug|Any CPU
		{2B39313D-FE5E-47F9-9F42-5FA18B2DBD0F}.Debug|Any CPU.Build.0 = Debug|Any CPU
		{2B39313D-FE5E-47F9-9F42-5FA18B2DBD0F}.Release|Any CPU.ActiveCfg = Release|Any CPU
		{2B39313D-FE5E-47F9-9F42-5FA18B2DBD0F}.Release|Any CPU.Build.0 = Release|Any CPU
		{112C822C-9B1C-48A6-AA4A-2A1694ED6192}.Debug|Any CPU.ActiveCfg = Debug|Any CPU
		{112C822C-9B1C-48A6-AA4A-2A1694ED6192}.Debug|Any CPU.Build.0 = Debug|Any CPU
		{112C822C-9B1C-48A6-AA4A-2A1694ED6192}.Release|Any CPU.ActiveCfg = Release|Any CPU
		{112C822C-9B1C-48A6-AA4A-2A1694ED6192}.Release|Any CPU.Build.0 = Release|Any CPU
		{91252366-F905-4814-99F6-E127380C8291}.Debug|Any CPU.ActiveCfg = Debug|Any CPU
		{91252366-F905-4814-99F6-E127380C8291}.Debug|Any CPU.Build.0 = Debug|Any CPU
		{91252366-F905-4814-99F6-E127380C8291}.Release|Any CPU.ActiveCfg = Release|Any CPU
		{91252366-F905-4814-99F6-E127380C8291}.Release|Any CPU.Build.0 = Release|Any CPU
		{2F3F59B5-AC7B-41B1-AC70-58A7648FB171}.Debug|Any CPU.ActiveCfg = Debug|Any CPU
		{2F3F59B5-AC7B-41B1-AC70-58A7648FB171}.Debug|Any CPU.Build.0 = Debug|Any CPU
		{2F3F59B5-AC7B-41B1-AC70-58A7648FB171}.Release|Any CPU.ActiveCfg = Release|Any CPU
		{2F3F59B5-AC7B-41B1-AC70-58A7648FB171}.Release|Any CPU.Build.0 = Release|Any CPU
		{A6226758-61A3-41FD-AD02-088628988351}.Debug|Any CPU.ActiveCfg = Debug|Any CPU
		{A6226758-61A3-41FD-AD02-088628988351}.Debug|Any CPU.Build.0 = Debug|Any CPU
		{A6226758-61A3-41FD-AD02-088628988351}.Release|Any CPU.ActiveCfg = Release|Any CPU
		{A6226758-61A3-41FD-AD02-088628988351}.Release|Any CPU.Build.0 = Release|Any CPU
		{599AD110-1CC3-4F63-B7E2-6D3F4D9B4753}.Debug|Any CPU.ActiveCfg = Debug|Any CPU
		{599AD110-1CC3-4F63-B7E2-6D3F4D9B4753}.Debug|Any CPU.Build.0 = Debug|Any CPU
		{599AD110-1CC3-4F63-B7E2-6D3F4D9B4753}.Release|Any CPU.ActiveCfg = Release|Any CPU
		{599AD110-1CC3-4F63-B7E2-6D3F4D9B4753}.Release|Any CPU.Build.0 = Release|Any CPU
		{ECAE8FD5-4F53-4FAA-A3EB-E682CA422155}.Debug|Any CPU.ActiveCfg = Debug|Any CPU
		{ECAE8FD5-4F53-4FAA-A3EB-E682CA422155}.Debug|Any CPU.Build.0 = Debug|Any CPU
		{ECAE8FD5-4F53-4FAA-A3EB-E682CA422155}.Release|Any CPU.ActiveCfg = Release|Any CPU
		{ECAE8FD5-4F53-4FAA-A3EB-E682CA422155}.Release|Any CPU.Build.0 = Release|Any CPU
		{FC00439A-F846-43A0-8FB1-9BBEDE739874}.Debug|Any CPU.ActiveCfg = Debug|Any CPU
		{FC00439A-F846-43A0-8FB1-9BBEDE739874}.Debug|Any CPU.Build.0 = Debug|Any CPU
		{FC00439A-F846-43A0-8FB1-9BBEDE739874}.Release|Any CPU.ActiveCfg = Release|Any CPU
		{FC00439A-F846-43A0-8FB1-9BBEDE739874}.Release|Any CPU.Build.0 = Release|Any CPU
		{FBD98807-C1C9-45D9-A0A9-E56B767D64B3}.Debug|Any CPU.ActiveCfg = Debug|Any CPU
		{FBD98807-C1C9-45D9-A0A9-E56B767D64B3}.Debug|Any CPU.Build.0 = Debug|Any CPU
		{FBD98807-C1C9-45D9-A0A9-E56B767D64B3}.Release|Any CPU.ActiveCfg = Release|Any CPU
		{FBD98807-C1C9-45D9-A0A9-E56B767D64B3}.Release|Any CPU.Build.0 = Release|Any CPU
		{0FD0A764-5E79-451D-ABBB-C4F4868F5FB7}.Debug|Any CPU.ActiveCfg = Debug|Any CPU
		{0FD0A764-5E79-451D-ABBB-C4F4868F5FB7}.Debug|Any CPU.Build.0 = Debug|Any CPU
		{0FD0A764-5E79-451D-ABBB-C4F4868F5FB7}.Release|Any CPU.ActiveCfg = Release|Any CPU
		{0FD0A764-5E79-451D-ABBB-C4F4868F5FB7}.Release|Any CPU.Build.0 = Release|Any CPU
		{BD43FD93-B621-4F2F-B632-5205F350C146}.Debug|Any CPU.ActiveCfg = Debug|Any CPU
		{BD43FD93-B621-4F2F-B632-5205F350C146}.Debug|Any CPU.Build.0 = Debug|Any CPU
		{BD43FD93-B621-4F2F-B632-5205F350C146}.Release|Any CPU.ActiveCfg = Release|Any CPU
		{BD43FD93-B621-4F2F-B632-5205F350C146}.Release|Any CPU.Build.0 = Release|Any CPU
		{2FDA89C2-FC3C-40A6-86B9-8617D30C4A47}.Debug|Any CPU.ActiveCfg = Debug|Any CPU
		{2FDA89C2-FC3C-40A6-86B9-8617D30C4A47}.Debug|Any CPU.Build.0 = Debug|Any CPU
		{2FDA89C2-FC3C-40A6-86B9-8617D30C4A47}.Release|Any CPU.ActiveCfg = Release|Any CPU
		{2FDA89C2-FC3C-40A6-86B9-8617D30C4A47}.Release|Any CPU.Build.0 = Release|Any CPU
		{9DBDE534-1EE1-46AB-ACE0-B9E2F052A5DA}.Debug|Any CPU.ActiveCfg = Debug|Any CPU
		{9DBDE534-1EE1-46AB-ACE0-B9E2F052A5DA}.Debug|Any CPU.Build.0 = Debug|Any CPU
		{9DBDE534-1EE1-46AB-ACE0-B9E2F052A5DA}.Release|Any CPU.ActiveCfg = Release|Any CPU
		{9DBDE534-1EE1-46AB-ACE0-B9E2F052A5DA}.Release|Any CPU.Build.0 = Release|Any CPU
		{E82F25A3-BDEB-411D-913A-C3BBF2A73CD5}.Debug|Any CPU.ActiveCfg = Debug|Any CPU
		{E82F25A3-BDEB-411D-913A-C3BBF2A73CD5}.Debug|Any CPU.Build.0 = Debug|Any CPU
		{E82F25A3-BDEB-411D-913A-C3BBF2A73CD5}.Release|Any CPU.ActiveCfg = Release|Any CPU
		{E82F25A3-BDEB-411D-913A-C3BBF2A73CD5}.Release|Any CPU.Build.0 = Release|Any CPU
		{0494DE3F-3BA6-4A34-A7B6-388E51B33813}.Debug|Any CPU.ActiveCfg = Debug|Any CPU
		{0494DE3F-3BA6-4A34-A7B6-388E51B33813}.Debug|Any CPU.Build.0 = Debug|Any CPU
		{0494DE3F-3BA6-4A34-A7B6-388E51B33813}.Release|Any CPU.ActiveCfg = Release|Any CPU
		{0494DE3F-3BA6-4A34-A7B6-388E51B33813}.Release|Any CPU.Build.0 = Release|Any CPU
		{E2492763-350E-4304-A55C-552E3D0DB3A2}.Debug|Any CPU.ActiveCfg = Debug|Any CPU
		{E2492763-350E-4304-A55C-552E3D0DB3A2}.Debug|Any CPU.Build.0 = Debug|Any CPU
		{E2492763-350E-4304-A55C-552E3D0DB3A2}.Release|Any CPU.ActiveCfg = Release|Any CPU
		{E2492763-350E-4304-A55C-552E3D0DB3A2}.Release|Any CPU.Build.0 = Release|Any CPU
		{764CE086-E49F-4D10-ABAE-FD961732CAAB}.Debug|Any CPU.ActiveCfg = Debug|Any CPU
		{764CE086-E49F-4D10-ABAE-FD961732CAAB}.Debug|Any CPU.Build.0 = Debug|Any CPU
		{764CE086-E49F-4D10-ABAE-FD961732CAAB}.Release|Any CPU.ActiveCfg = Release|Any CPU
		{764CE086-E49F-4D10-ABAE-FD961732CAAB}.Release|Any CPU.Build.0 = Release|Any CPU
		{884745F5-5211-441C-8BD7-7B0FB519D0D3}.Debug|Any CPU.ActiveCfg = Debug|Any CPU
		{884745F5-5211-441C-8BD7-7B0FB519D0D3}.Debug|Any CPU.Build.0 = Debug|Any CPU
		{884745F5-5211-441C-8BD7-7B0FB519D0D3}.Release|Any CPU.ActiveCfg = Release|Any CPU
		{884745F5-5211-441C-8BD7-7B0FB519D0D3}.Release|Any CPU.Build.0 = Release|Any CPU
		{5B5A2D6C-D6A8-4770-9708-4E1659CC9450}.Debug|Any CPU.ActiveCfg = Debug|Any CPU
		{5B5A2D6C-D6A8-4770-9708-4E1659CC9450}.Debug|Any CPU.Build.0 = Debug|Any CPU
		{5B5A2D6C-D6A8-4770-9708-4E1659CC9450}.Release|Any CPU.ActiveCfg = Release|Any CPU
		{5B5A2D6C-D6A8-4770-9708-4E1659CC9450}.Release|Any CPU.Build.0 = Release|Any CPU
		{06C66AA2-A5D3-451C-AD1D-ECB3E3611585}.Debug|Any CPU.ActiveCfg = Debug|Any CPU
		{06C66AA2-A5D3-451C-AD1D-ECB3E3611585}.Debug|Any CPU.Build.0 = Debug|Any CPU
		{06C66AA2-A5D3-451C-AD1D-ECB3E3611585}.Release|Any CPU.ActiveCfg = Release|Any CPU
		{06C66AA2-A5D3-451C-AD1D-ECB3E3611585}.Release|Any CPU.Build.0 = Release|Any CPU
		{AD425856-2DAD-495D-B502-10C8A257308E}.Debug|Any CPU.ActiveCfg = Debug|Any CPU
		{AD425856-2DAD-495D-B502-10C8A257308E}.Debug|Any CPU.Build.0 = Debug|Any CPU
		{AD425856-2DAD-495D-B502-10C8A257308E}.Release|Any CPU.ActiveCfg = Release|Any CPU
		{AD425856-2DAD-495D-B502-10C8A257308E}.Release|Any CPU.Build.0 = Release|Any CPU
		{FA35D442-0FE4-4571-B9DE-E5ACC409E018}.Debug|Any CPU.ActiveCfg = Debug|Any CPU
		{FA35D442-0FE4-4571-B9DE-E5ACC409E018}.Debug|Any CPU.Build.0 = Debug|Any CPU
		{FA35D442-0FE4-4571-B9DE-E5ACC409E018}.Release|Any CPU.ActiveCfg = Release|Any CPU
		{FA35D442-0FE4-4571-B9DE-E5ACC409E018}.Release|Any CPU.Build.0 = Release|Any CPU
		{18FB0DA7-19B5-41AC-8C21-7A6309219818}.Debug|Any CPU.ActiveCfg = Debug|Any CPU
		{18FB0DA7-19B5-41AC-8C21-7A6309219818}.Debug|Any CPU.Build.0 = Debug|Any CPU
		{18FB0DA7-19B5-41AC-8C21-7A6309219818}.Release|Any CPU.ActiveCfg = Release|Any CPU
		{18FB0DA7-19B5-41AC-8C21-7A6309219818}.Release|Any CPU.Build.0 = Release|Any CPU
		{CF062F17-0E29-4CAC-9AA8-CEB05AAD6F26}.Debug|Any CPU.ActiveCfg = Debug|Any CPU
		{CF062F17-0E29-4CAC-9AA8-CEB05AAD6F26}.Debug|Any CPU.Build.0 = Debug|Any CPU
		{CF062F17-0E29-4CAC-9AA8-CEB05AAD6F26}.Release|Any CPU.ActiveCfg = Release|Any CPU
		{CF062F17-0E29-4CAC-9AA8-CEB05AAD6F26}.Release|Any CPU.Build.0 = Release|Any CPU
		{24FAFDC3-A667-4606-A39A-434C15E22E16}.Debug|Any CPU.ActiveCfg = Debug|Any CPU
		{24FAFDC3-A667-4606-A39A-434C15E22E16}.Debug|Any CPU.Build.0 = Debug|Any CPU
		{24FAFDC3-A667-4606-A39A-434C15E22E16}.Release|Any CPU.ActiveCfg = Release|Any CPU
		{24FAFDC3-A667-4606-A39A-434C15E22E16}.Release|Any CPU.Build.0 = Release|Any CPU
		{A538B8D9-9EA4-43AF-8601-60C283ECF9D8}.Debug|Any CPU.ActiveCfg = Debug|Any CPU
		{A538B8D9-9EA4-43AF-8601-60C283ECF9D8}.Debug|Any CPU.Build.0 = Debug|Any CPU
		{A538B8D9-9EA4-43AF-8601-60C283ECF9D8}.Release|Any CPU.ActiveCfg = Release|Any CPU
		{A538B8D9-9EA4-43AF-8601-60C283ECF9D8}.Release|Any CPU.Build.0 = Release|Any CPU
		{D0A36B10-082F-44BF-AC6C-8843BC4A98CA}.Debug|Any CPU.ActiveCfg = Debug|Any CPU
		{D0A36B10-082F-44BF-AC6C-8843BC4A98CA}.Debug|Any CPU.Build.0 = Debug|Any CPU
		{D0A36B10-082F-44BF-AC6C-8843BC4A98CA}.Release|Any CPU.ActiveCfg = Release|Any CPU
		{D0A36B10-082F-44BF-AC6C-8843BC4A98CA}.Release|Any CPU.Build.0 = Release|Any CPU
		{49554B70-B4DE-4AC3-8429-AC3FC56162DD}.Debug|Any CPU.ActiveCfg = Debug|Any CPU
		{49554B70-B4DE-4AC3-8429-AC3FC56162DD}.Debug|Any CPU.Build.0 = Debug|Any CPU
		{49554B70-B4DE-4AC3-8429-AC3FC56162DD}.Release|Any CPU.ActiveCfg = Release|Any CPU
		{49554B70-B4DE-4AC3-8429-AC3FC56162DD}.Release|Any CPU.Build.0 = Release|Any CPU
		{0BAF0D40-045D-4EC9-8AEF-A96162048DC1}.Debug|Any CPU.ActiveCfg = Debug|Any CPU
		{0BAF0D40-045D-4EC9-8AEF-A96162048DC1}.Debug|Any CPU.Build.0 = Debug|Any CPU
		{0BAF0D40-045D-4EC9-8AEF-A96162048DC1}.Release|Any CPU.ActiveCfg = Release|Any CPU
		{0BAF0D40-045D-4EC9-8AEF-A96162048DC1}.Release|Any CPU.Build.0 = Release|Any CPU
		{E29A2923-9227-4995-A9FA-3DDEE444F3A6}.Debug|Any CPU.ActiveCfg = Debug|Any CPU
		{E29A2923-9227-4995-A9FA-3DDEE444F3A6}.Debug|Any CPU.Build.0 = Debug|Any CPU
		{E29A2923-9227-4995-A9FA-3DDEE444F3A6}.Release|Any CPU.ActiveCfg = Release|Any CPU
		{E29A2923-9227-4995-A9FA-3DDEE444F3A6}.Release|Any CPU.Build.0 = Release|Any CPU
		{7C4E6495-3366-488E-87D2-0ED9282D657D}.Debug|Any CPU.ActiveCfg = Debug|Any CPU
		{7C4E6495-3366-488E-87D2-0ED9282D657D}.Debug|Any CPU.Build.0 = Debug|Any CPU
		{7C4E6495-3366-488E-87D2-0ED9282D657D}.Release|Any CPU.ActiveCfg = Release|Any CPU
		{7C4E6495-3366-488E-87D2-0ED9282D657D}.Release|Any CPU.Build.0 = Release|Any CPU
		{0D8F70C9-ECBC-446C-AA19-F1BF6748D95F}.Debug|Any CPU.ActiveCfg = Debug|Any CPU
		{0D8F70C9-ECBC-446C-AA19-F1BF6748D95F}.Debug|Any CPU.Build.0 = Debug|Any CPU
		{0D8F70C9-ECBC-446C-AA19-F1BF6748D95F}.Release|Any CPU.ActiveCfg = Release|Any CPU
		{0D8F70C9-ECBC-446C-AA19-F1BF6748D95F}.Release|Any CPU.Build.0 = Release|Any CPU
	EndGlobalSection
	GlobalSection(SolutionProperties) = preSolution
		HideSolutionNode = FALSE
	EndGlobalSection
	GlobalSection(NestedProjects) = preSolution
		{FF0FDD64-9B86-47EF-AFF5-2B7100BA2190} = {E4524B8C-5F05-4A5F-A9C0-71024C8B077D}
		{C5B07547-3653-4413-ABC9-63EEBC0E2BA3} = {E4DD3CDA-A182-4F3D-94E7-E52E9C0F0F3E}
		{029551DA-CD5D-4401-A066-9ACB28BA020C} = {E4524B8C-5F05-4A5F-A9C0-71024C8B077D}
		{D8170554-7CCD-4CD4-B5C1-DF861DC2DA44} = {E4DD3CDA-A182-4F3D-94E7-E52E9C0F0F3E}
		{2B13574C-51CD-4CEE-85B1-21EF23F8EB70} = {E4524B8C-5F05-4A5F-A9C0-71024C8B077D}
		{285FDFE1-767E-4225-AB7C-7369604EF532} = {E4DD3CDA-A182-4F3D-94E7-E52E9C0F0F3E}
		{19C9E565-D2D3-4DEB-B8C6-ACEF7031DE19} = {E4524B8C-5F05-4A5F-A9C0-71024C8B077D}
		{2EA48F4F-A643-4B51-9A38-3A9883DF23BB} = {E4DD3CDA-A182-4F3D-94E7-E52E9C0F0F3E}
		{CB2F4D26-BA5B-4397-B45C-88F46D0E62AC} = {E4524B8C-5F05-4A5F-A9C0-71024C8B077D}
		{2B39313D-FE5E-47F9-9F42-5FA18B2DBD0F} = {E4DD3CDA-A182-4F3D-94E7-E52E9C0F0F3E}
		{112C822C-9B1C-48A6-AA4A-2A1694ED6192} = {E4524B8C-5F05-4A5F-A9C0-71024C8B077D}
		{91252366-F905-4814-99F6-E127380C8291} = {E4DD3CDA-A182-4F3D-94E7-E52E9C0F0F3E}
		{2F3F59B5-AC7B-41B1-AC70-58A7648FB171} = {E4524B8C-5F05-4A5F-A9C0-71024C8B077D}
		{A6226758-61A3-41FD-AD02-088628988351} = {E4524B8C-5F05-4A5F-A9C0-71024C8B077D}
		{599AD110-1CC3-4F63-B7E2-6D3F4D9B4753} = {E4DD3CDA-A182-4F3D-94E7-E52E9C0F0F3E}
		{ECAE8FD5-4F53-4FAA-A3EB-E682CA422155} = {E4524B8C-5F05-4A5F-A9C0-71024C8B077D}
		{FC00439A-F846-43A0-8FB1-9BBEDE739874} = {E4DD3CDA-A182-4F3D-94E7-E52E9C0F0F3E}
		{FBD98807-C1C9-45D9-A0A9-E56B767D64B3} = {E4524B8C-5F05-4A5F-A9C0-71024C8B077D}
		{0FD0A764-5E79-451D-ABBB-C4F4868F5FB7} = {E4DD3CDA-A182-4F3D-94E7-E52E9C0F0F3E}
		{BD43FD93-B621-4F2F-B632-5205F350C146} = {E4524B8C-5F05-4A5F-A9C0-71024C8B077D}
		{2FDA89C2-FC3C-40A6-86B9-8617D30C4A47} = {E4DD3CDA-A182-4F3D-94E7-E52E9C0F0F3E}
		{9DBDE534-1EE1-46AB-ACE0-B9E2F052A5DA} = {E4524B8C-5F05-4A5F-A9C0-71024C8B077D}
		{E82F25A3-BDEB-411D-913A-C3BBF2A73CD5} = {E4DD3CDA-A182-4F3D-94E7-E52E9C0F0F3E}
		{0494DE3F-3BA6-4A34-A7B6-388E51B33813} = {E4524B8C-5F05-4A5F-A9C0-71024C8B077D}
		{E2492763-350E-4304-A55C-552E3D0DB3A2} = {E4DD3CDA-A182-4F3D-94E7-E52E9C0F0F3E}
		{764CE086-E49F-4D10-ABAE-FD961732CAAB} = {E4524B8C-5F05-4A5F-A9C0-71024C8B077D}
		{884745F5-5211-441C-8BD7-7B0FB519D0D3} = {E4DD3CDA-A182-4F3D-94E7-E52E9C0F0F3E}
		{5B5A2D6C-D6A8-4770-9708-4E1659CC9450} = {E4DD3CDA-A182-4F3D-94E7-E52E9C0F0F3E}
		{06C66AA2-A5D3-451C-AD1D-ECB3E3611585} = {E4524B8C-5F05-4A5F-A9C0-71024C8B077D}
		{AD425856-2DAD-495D-B502-10C8A257308E} = {E4DD3CDA-A182-4F3D-94E7-E52E9C0F0F3E}
		{FA35D442-0FE4-4571-B9DE-E5ACC409E018} = {E4524B8C-5F05-4A5F-A9C0-71024C8B077D}
		{18FB0DA7-19B5-41AC-8C21-7A6309219818} = {E4DD3CDA-A182-4F3D-94E7-E52E9C0F0F3E}
		{CF062F17-0E29-4CAC-9AA8-CEB05AAD6F26} = {E4524B8C-5F05-4A5F-A9C0-71024C8B077D}
		{24FAFDC3-A667-4606-A39A-434C15E22E16} = {E4DD3CDA-A182-4F3D-94E7-E52E9C0F0F3E}
		{A538B8D9-9EA4-43AF-8601-60C283ECF9D8} = {E4524B8C-5F05-4A5F-A9C0-71024C8B077D}
		{D0A36B10-082F-44BF-AC6C-8843BC4A98CA} = {E4DD3CDA-A182-4F3D-94E7-E52E9C0F0F3E}
		{49554B70-B4DE-4AC3-8429-AC3FC56162DD} = {E4524B8C-5F05-4A5F-A9C0-71024C8B077D}
		{0BAF0D40-045D-4EC9-8AEF-A96162048DC1} = {E4DD3CDA-A182-4F3D-94E7-E52E9C0F0F3E}
		{E29A2923-9227-4995-A9FA-3DDEE444F3A6} = {E4524B8C-5F05-4A5F-A9C0-71024C8B077D}
		{7C4E6495-3366-488E-87D2-0ED9282D657D} = {E4DD3CDA-A182-4F3D-94E7-E52E9C0F0F3E}
		{0D8F70C9-ECBC-446C-AA19-F1BF6748D95F} = {E4DD3CDA-A182-4F3D-94E7-E52E9C0F0F3E}
	EndGlobalSection
	GlobalSection(ExtensibilityGlobals) = postSolution
		SolutionGuid = {42BCB368-D58E-479C-A312-556E316CE8CE}
	EndGlobalSection
EndGlobal
